
Microsoft Visual Studio Solution File, Format Version 12.00
# Visual Studio 14
VisualStudioVersion = 14.0.25420.1
MinimumVisualStudioVersion = 10.0.40219.1
Project("{FAE04EC0-301F-11D3-BF4B-00C04F79EFBC}") = "bitmovin-dotnet", "bitmovin-dotnet.csproj", "{FFC296B6-7188-49DB-B5CB-2BE335FE7720}"
EndProject
Project("{FAE04EC0-301F-11D3-BF4B-00C04F79EFBC}") = "examples", "..\..\examples\examples.csproj", "{F70EEEB0-B7CD-47E3-A1CB-121548588E61}"
EndProject
Global
	GlobalSection(SolutionConfigurationPlatforms) = preSolution
		Debug|Any CPU = Debug|Any CPU
		Release|Any CPU = Release|Any CPU
	EndGlobalSection
	GlobalSection(ProjectConfigurationPlatforms) = postSolution
		{FFC296B6-7188-49DB-B5CB-2BE335FE7720}.Debug|Any CPU.ActiveCfg = Debug|Any CPU
		{FFC296B6-7188-49DB-B5CB-2BE335FE7720}.Debug|Any CPU.Build.0 = Debug|Any CPU
		{FFC296B6-7188-49DB-B5CB-2BE335FE7720}.Release|Any CPU.ActiveCfg = Release|Any CPU
		{FFC296B6-7188-49DB-B5CB-2BE335FE7720}.Release|Any CPU.Build.0 = Release|Any CPU
		{F70EEEB0-B7CD-47E3-A1CB-121548588E61}.Debug|Any CPU.ActiveCfg = Debug|Any CPU
		{F70EEEB0-B7CD-47E3-A1CB-121548588E61}.Debug|Any CPU.Build.0 = Debug|Any CPU
		{F70EEEB0-B7CD-47E3-A1CB-121548588E61}.Release|Any CPU.ActiveCfg = Release|Any CPU
		{F70EEEB0-B7CD-47E3-A1CB-121548588E61}.Release|Any CPU.Build.0 = Release|Any CPU
	EndGlobalSection
	GlobalSection(SolutionProperties) = preSolution
		HideSolutionNode = FALSE
	EndGlobalSection
EndGlobal
